{
    "_meta": {
        "hash": {
            "sha256": "85788cbb3a68471544c87b4177f79d2bea6d03aaa4966d795d203da7f0f8b01f"
        },
        "pipfile-spec": 6,
        "requires": {
            "python_version": "3.8"
        },
        "sources": [
            {
                "name": "pypi",
                "url": "https://pypi.org/simple",
                "verify_ssl": true
            }
        ]
    },
    "default": {
        "wand": {
            "hashes": [
                "sha256:1b77e25439ace57f665d1ccc6cff2766fad0834005b89ae3e7aaf3ba12b124b0",
                "sha256:b661700da9f8f1e931e52726e4fc643a565b9514f5883d41b773e3c37c9fa995"
            ],
            "index": "pypi",
            "version": "==0.6.11"
        }
    },
    "develop": {}
}
